
Microsoft Visual Studio Solution File, Format Version 12.00
# Visual Studio Version 16
VisualStudioVersion = 16.0.29926.136
MinimumVisualStudioVersion = 10.0.40219.1
Project("{FAE04EC0-301F-11D3-BF4B-00C04F79EFBC}") = "Utilities", "JuanMartin.Utilities\Utilities.csproj", "{7E98C079-4E82-4A3F-8BD1-0BB0EFED02BF}"
EndProject
Project("{FAE04EC0-301F-11D3-BF4B-00C04F79EFBC}") = "Kernel", "..\JuanMartin.Kernel\JuanMartin.Kernel\Kernel.csproj", "{451CB413-E70B-4F70-93E9-76100453A956}"
EndProject
Global
	GlobalSection(SolutionConfigurationPlatforms) = preSolution
		Debug|Any CPU = Debug|Any CPU
		Release|Any CPU = Release|Any CPU
	EndGlobalSection
	GlobalSection(ProjectConfigurationPlatforms) = postSolution
		{7E98C079-4E82-4A3F-8BD1-0BB0EFED02BF}.Debug|Any CPU.ActiveCfg = Debug|Any CPU
		{7E98C079-4E82-4A3F-8BD1-0BB0EFED02BF}.Debug|Any CPU.Build.0 = Debug|Any CPU
		{7E98C079-4E82-4A3F-8BD1-0BB0EFED02BF}.Release|Any CPU.ActiveCfg = Release|Any CPU
		{7E98C079-4E82-4A3F-8BD1-0BB0EFED02BF}.Release|Any CPU.Build.0 = Release|Any CPU
		{451CB413-E70B-4F70-93E9-76100453A956}.Debug|Any CPU.ActiveCfg = Debug|Any CPU
		{451CB413-E70B-4F70-93E9-76100453A956}.Debug|Any CPU.Build.0 = Debug|Any CPU
		{451CB413-E70B-4F70-93E9-76100453A956}.Release|Any CPU.ActiveCfg = Release|Any CPU
		{451CB413-E70B-4F70-93E9-76100453A956}.Release|Any CPU.Build.0 = Release|Any CPU
	EndGlobalSection
	GlobalSection(SolutionProperties) = preSolution
		HideSolutionNode = FALSE
	EndGlobalSection
	GlobalSection(ExtensibilityGlobals) = postSolution
		SolutionGuid = {3EAF461B-2E08-498F-B63F-65A07D970E15}
	EndGlobalSection
EndGlobal
