
Microsoft Visual Studio Solution File, Format Version 12.00
# Visual Studio Version 16
VisualStudioVersion = 16.0.29926.136
MinimumVisualStudioVersion = 10.0.40219.1
Project("{7E98C079-4E82-4A3F-8BD1-0BB0EFED02BF}") = "JuanMartin.Utilities", "JuanMartin.Utilities\JuanMartin.Utilities.csproj", "{7E98C079-4E82-4A3F-8BD1-0BB0EFED02BF}"
EndProject
Project("{9A19103F-16F7-4668-BE54-9A1E7A4F7556}") = "JuanMartin.Kernel", "..\JuanMartin.Kernel\JuanMartin.Kernel\JuanMartin.Kernel.csproj", "{9A19103F-16F7-4668-BE54-9A1E7A4F7556}"
EndProject
Project("{451CB413-E70B-4F70-93E9-76100453A956}") = "JuanMartin.Models", "..\JuanMartin.Models\JuanMartin.Models\JuanMartin.Models.csproj", "{451CB413-E70B-4F70-93E9-76100453A956}"
EndProject
Project("{0BD96DF1-B9C8-445A-A208-6A215AFA060B}") = "JuanMartin.Utilities.Tests", "JuanMartin.Utilities.Tests\JuanMartin.Utilities.Tests.csproj", "{0BD96DF1-B9C8-445A-A208-6A215AFA060B}"
EndProject
Global
	GlobalSection(SolutionConfigurationPlatforms) = preSolution
		Debug|Any CPU = Debug|Any CPU
		Release|Any CPU = Release|Any CPU
	EndGlobalSection
	GlobalSection(ProjectConfigurationPlatforms) = postSolution
		{7E98C079-4E82-4A3F-8BD1-0BB0EFED02BF}.Debug|Any CPU.ActiveCfg = Debug|Any CPU
		{7E98C079-4E82-4A3F-8BD1-0BB0EFED02BF}.Debug|Any CPU.Build.0 = Debug|Any CPU
		{7E98C079-4E82-4A3F-8BD1-0BB0EFED02BF}.Release|Any CPU.ActiveCfg = Release|Any CPU
		{7E98C079-4E82-4A3F-8BD1-0BB0EFED02BF}.Release|Any CPU.Build.0 = Release|Any CPU
		{9A19103F-16F7-4668-BE54-9A1E7A4F7556}.Debug|Any CPU.ActiveCfg = Debug|Any CPU
		{9A19103F-16F7-4668-BE54-9A1E7A4F7556}.Debug|Any CPU.Build.0 = Debug|Any CPU
		{9A19103F-16F7-4668-BE54-9A1E7A4F7556}.Release|Any CPU.ActiveCfg = Release|Any CPU
		{9A19103F-16F7-4668-BE54-9A1E7A4F7556}.Release|Any CPU.Build.0 = Release|Any CPU
		{451CB413-E70B-4F70-93E9-76100453A956}.Debug|Any CPU.ActiveCfg = Debug|Any CPU
		{451CB413-E70B-4F70-93E9-76100453A956}.Debug|Any CPU.Build.0 = Debug|Any CPU
		{451CB413-E70B-4F70-93E9-76100453A956}.Release|Any CPU.ActiveCfg = Release|Any CPU
		{451CB413-E70B-4F70-93E9-76100453A956}.Release|Any CPU.Build.0 = Release|Any CPU
		{0BD96DF1-B9C8-445A-A208-6A215AFA060B}.Debug|Any CPU.ActiveCfg = Debug|Any CPU
		{0BD96DF1-B9C8-445A-A208-6A215AFA060B}.Debug|Any CPU.Build.0 = Debug|Any CPU
		{0BD96DF1-B9C8-445A-A208-6A215AFA060B}.Release|Any CPU.ActiveCfg = Release|Any CPU
		{0BD96DF1-B9C8-445A-A208-6A215AFA060B}.Release|Any CPU.Build.0 = Release|Any CPU
	EndGlobalSection
	GlobalSection(SolutionProperties) = preSolution
		HideSolutionNode = FALSE
	EndGlobalSection
	GlobalSection(ExtensibilityGlobals) = postSolution
		SolutionGuid = {3EAF461B-2E08-498F-B63F-65A07D970E15}
	EndGlobalSection
EndGlobal
