	
Microsoft Visual Studio Solution File, Format Version 12.00
# Visual Studio Version 16
VisualStudioVersion = 16.0.31129.286
MinimumVisualStudioVersion = 10.0.40219.1
Project("{FAE04EC0-301F-11D3-BF4B-00C04F79EFBC}") = "JuanMartin.Utilities", "JuanMartin.Utilities\JuanMartin.Utilities.csproj", "{DDCBAA7C-5961-491F-8861-32003E400304}"
EndProject
Project("{FAE04EC0-301F-11D3-BF4B-00C04F79EFBC}") = "JuanMartin.Utilities.Tests", "JuanMartin.Utilities.Tests\JuanMartin.Utilities.Tests.csproj", "{73BA5E8E-9A5E-4BDB-941D-5574E7A51DA3}"
EndProject
Project("{FAE04EC0-301F-11D3-BF4B-00C04F79EFBC}") = "JuanMartin.Models", "..\JuanMartin.Models\JuanMartin.Models\JuanMartin.Models.csproj", "{6B59DE41-40F5-41C0-98CD-3393D463C757}"
EndProject
Project("{FAE04EC0-301F-11D3-BF4B-00C04F79EFBC}") = "JuanMartin.Kernel", "..\JuanMartin.Kernel\JuanMartin.Kernel\JuanMartin.Kernel.csproj", "{4515E3A1-F6B3-4AF5-AE75-BB9E214EC349}"
EndProject
Global
	GlobalSection(SolutionConfigurationPlatforms) = preSolution
		Debug|Any CPU = Debug|Any CPU
		Release|Any CPU = Release|Any CPU
	EndGlobalSection
	GlobalSection(ProjectConfigurationPlatforms) = postSolution
		{DDCBAA7C-5961-491F-8861-32003E400304}.Debug|Any CPU.ActiveCfg = Debug|Any CPU
		{DDCBAA7C-5961-491F-8861-32003E400304}.Debug|Any CPU.Build.0 = Debug|Any CPU
		{DDCBAA7C-5961-491F-8861-32003E400304}.Release|Any CPU.ActiveCfg = Release|Any CPU
		{DDCBAA7C-5961-491F-8861-32003E400304}.Release|Any CPU.Build.0 = Release|Any CPU
		{73BA5E8E-9A5E-4BDB-941D-5574E7A51DA3}.Debug|Any CPU.ActiveCfg = Debug|Any CPU
		{73BA5E8E-9A5E-4BDB-941D-5574E7A51DA3}.Debug|Any CPU.Build.0 = Debug|Any CPU
		{73BA5E8E-9A5E-4BDB-941D-5574E7A51DA3}.Release|Any CPU.ActiveCfg = Release|Any CPU
		{73BA5E8E-9A5E-4BDB-941D-5574E7A51DA3}.Release|Any CPU.Build.0 = Release|Any CPU
		{6B59DE41-40F5-41C0-98CD-3393D463C757}.Debug|Any CPU.ActiveCfg = Debug|Any CPU
		{6B59DE41-40F5-41C0-98CD-3393D463C757}.Debug|Any CPU.Build.0 = Debug|Any CPU
		{6B59DE41-40F5-41C0-98CD-3393D463C757}.Release|Any CPU.ActiveCfg = Release|Any CPU
		{6B59DE41-40F5-41C0-98CD-3393D463C757}.Release|Any CPU.Build.0 = Release|Any CPU
		{4515E3A1-F6B3-4AF5-AE75-BB9E214EC349}.Debug|Any CPU.ActiveCfg = Debug|Any CPU
		{4515E3A1-F6B3-4AF5-AE75-BB9E214EC349}.Debug|Any CPU.Build.0 = Debug|Any CPU
		{4515E3A1-F6B3-4AF5-AE75-BB9E214EC349}.Release|Any CPU.ActiveCfg = Release|Any CPU
		{4515E3A1-F6B3-4AF5-AE75-BB9E214EC349}.Release|Any CPU.Build.0 = Release|Any CPU
	EndGlobalSection
	GlobalSection(SolutionProperties) = preSolution
		HideSolutionNode = FALSE
	EndGlobalSection
	GlobalSection(ExtensibilityGlobals) = postSolution
		SolutionGuid = {ADAE8BEA-B411-4A31-9EE7-10EED19EB988}
	EndGlobalSection
EndGlobal
